
Microsoft Visual Studio Solution File, Format Version 12.00
# Visual Studio Version 16
VisualStudioVersion = 16.0.28803.352
MinimumVisualStudioVersion = 10.0.40219.1
Project("{FAE04EC0-301F-11D3-BF4B-00C04F79EFBC}") = "E57_n-avo_CuadradoPerfecto", "E57_n-avo_CuadradoPerfecto\E57_n-avo_CuadradoPerfecto.csproj", "{FC61D589-2233-45E8-82E1-C6811B1FC487}"
EndProject
Global
	GlobalSection(SolutionConfigurationPlatforms) = preSolution
		Debug|Any CPU = Debug|Any CPU
		Release|Any CPU = Release|Any CPU
	EndGlobalSection
	GlobalSection(ProjectConfigurationPlatforms) = postSolution
		{FC61D589-2233-45E8-82E1-C6811B1FC487}.Debug|Any CPU.ActiveCfg = Debug|Any CPU
		{FC61D589-2233-45E8-82E1-C6811B1FC487}.Debug|Any CPU.Build.0 = Debug|Any CPU
		{FC61D589-2233-45E8-82E1-C6811B1FC487}.Release|Any CPU.ActiveCfg = Release|Any CPU
		{FC61D589-2233-45E8-82E1-C6811B1FC487}.Release|Any CPU.Build.0 = Release|Any CPU
	EndGlobalSection
	GlobalSection(SolutionProperties) = preSolution
		HideSolutionNode = FALSE
	EndGlobalSection
	GlobalSection(ExtensibilityGlobals) = postSolution
		SolutionGuid = {4D450FE2-707F-4E15-9652-1A7AE7339E68}
	EndGlobalSection
EndGlobal
